// !$*UTF8*$!
{
	archiveVersion = 1;
	classes = {
	};
	objectVersion = 46;
	objects = {

/* Begin PBXBuildFile section */
		5E1A13771C813FC6008C40B3 /* PaPaWeiBoTests.m in Sources */ = {isa = PBXBuildFile; fileRef = 5E1A13761C813FC6008C40B3 /* PaPaWeiBoTests.m */; };
		5E1A13821C813FC6008C40B3 /* PaPaWeiBoUITests.m in Sources */ = {isa = PBXBuildFile; fileRef = 5E1A13811C813FC6008C40B3 /* PaPaWeiBoUITests.m */; };
		5E39D8461C8144C000AF29E7 /* AppDelegate.m in Sources */ = {isa = PBXBuildFile; fileRef = 5E39D8341C8144C000AF29E7 /* AppDelegate.m */; };
		5E39D8471C8144C000AF29E7 /* main.m in Sources */ = {isa = PBXBuildFile; fileRef = 5E39D8351C8144C000AF29E7 /* main.m */; };
		5E39D84B1C8147E300AF29E7 /* Images.xcassets in Resources */ = {isa = PBXBuildFile; fileRef = 5E39D84A1C8147E300AF29E7 /* Images.xcassets */; };
		5E39D8721C833E9500AF29E7 /* LZTabBarController.m in Sources */ = {isa = PBXBuildFile; fileRef = 5E39D8711C833E9500AF29E7 /* LZTabBarController.m */; };
		5E39D8751C83455B00AF29E7 /* UIImage+Extension.m in Sources */ = {isa = PBXBuildFile; fileRef = 5E39D8741C83455B00AF29E7 /* UIImage+Extension.m */; };
		5E39D8781C834D6600AF29E7 /* ComposeController.m in Sources */ = {isa = PBXBuildFile; fileRef = 5E39D8771C834D6500AF29E7 /* ComposeController.m */; };
		5E39D87B1C834D7A00AF29E7 /* DiscoverController.m in Sources */ = {isa = PBXBuildFile; fileRef = 5E39D87A1C834D7A00AF29E7 /* DiscoverController.m */; };
		5E39D87E1C834D9700AF29E7 /* HomeController.m in Sources */ = {isa = PBXBuildFile; fileRef = 5E39D87D1C834D9700AF29E7 /* HomeController.m */; };
		5E39D8811C834DAC00AF29E7 /* MessageController.m in Sources */ = {isa = PBXBuildFile; fileRef = 5E39D8801C834DAC00AF29E7 /* MessageController.m */; };
		5E39D8841C834E4200AF29E7 /* ProfileController.m in Sources */ = {isa = PBXBuildFile; fileRef = 5E39D8831C834E4200AF29E7 /* ProfileController.m */; };
		5EF2FCF61C8726C000D4FB9C /* LZNavigationController.m in Sources */ = {isa = PBXBuildFile; fileRef = 5EF2FCF51C8726C000D4FB9C /* LZNavigationController.m */; };
		5EF2FCFA1C8736FA00D4FB9C /* UIView+Extension.m in Sources */ = {isa = PBXBuildFile; fileRef = 5EF2FCF91C8736FA00D4FB9C /* UIView+Extension.m */; };
		5EF2FCFD1C87380400D4FB9C /* UIBarButtonItem+Extention.m in Sources */ = {isa = PBXBuildFile; fileRef = 5EF2FCFC1C87380400D4FB9C /* UIBarButtonItem+Extention.m */; };
		5EF2FD091C8A7C5700D4FB9C /* KeyboardTool.xib in Resources */ = {isa = PBXBuildFile; fileRef = 5EF2FD081C8A7C5700D4FB9C /* KeyboardTool.xib */; };
		5EF2FD0C1C8AB7C800D4FB9C /* LZSearchBar.m in Sources */ = {isa = PBXBuildFile; fileRef = 5EF2FD0B1C8AB7C800D4FB9C /* LZSearchBar.m */; };
/* End PBXBuildFile section */

/* Begin PBXContainerItemProxy section */
		5E1A13731C813FC6008C40B3 /* PBXContainerItemProxy */ = {
			isa = PBXContainerItemProxy;
			containerPortal = 5E1A13511C813FC6008C40B3 /* Project object */;
			proxyType = 1;
			remoteGlobalIDString = 5E1A13581C813FC6008C40B3;
			remoteInfo = PaPaWeiBo;
		};
		5E1A137E1C813FC6008C40B3 /* PBXContainerItemProxy */ = {
			isa = PBXContainerItemProxy;
			containerPortal = 5E1A13511C813FC6008C40B3 /* Project object */;
			proxyType = 1;
			remoteGlobalIDString = 5E1A13581C813FC6008C40B3;
			remoteInfo = PaPaWeiBo;
		};
/* End PBXContainerItemProxy section */

/* Begin PBXFileReference section */
		5E1A13591C813FC6008C40B3 /* PaPaWeiBo.app */ = {isa = PBXFileReference; explicitFileType = wrapper.application; includeInIndex = 0; path = PaPaWeiBo.app; sourceTree = BUILT_PRODUCTS_DIR; };
		5E1A136D1C813FC6008C40B3 /* Info.plist */ = {isa = PBXFileReference; lastKnownFileType = text.plist.xml; path = Info.plist; sourceTree = "<group>"; };
		5E1A13721C813FC6008C40B3 /* PaPaWeiBoTests.xctest */ = {isa = PBXFileReference; explicitFileType = wrapper.cfbundle; includeInIndex = 0; path = PaPaWeiBoTests.xctest; sourceTree = BUILT_PRODUCTS_DIR; };
		5E1A13761C813FC6008C40B3 /* PaPaWeiBoTests.m */ = {isa = PBXFileReference; lastKnownFileType = sourcecode.c.objc; path = PaPaWeiBoTests.m; sourceTree = "<group>"; };
		5E1A13781C813FC6008C40B3 /* Info.plist */ = {isa = PBXFileReference; lastKnownFileType = text.plist.xml; path = Info.plist; sourceTree = "<group>"; };
		5E1A137D1C813FC6008C40B3 /* PaPaWeiBoUITests.xctest */ = {isa = PBXFileReference; explicitFileType = wrapper.cfbundle; includeInIndex = 0; path = PaPaWeiBoUITests.xctest; sourceTree = BUILT_PRODUCTS_DIR; };
		5E1A13811C813FC6008C40B3 /* PaPaWeiBoUITests.m */ = {isa = PBXFileReference; lastKnownFileType = sourcecode.c.objc; path = PaPaWeiBoUITests.m; sourceTree = "<group>"; };
		5E1A13831C813FC6008C40B3 /* Info.plist */ = {isa = PBXFileReference; lastKnownFileType = text.plist.xml; path = Info.plist; sourceTree = "<group>"; };
		5E39D8331C8144C000AF29E7 /* AppDelegate.h */ = {isa = PBXFileReference; fileEncoding = 4; lastKnownFileType = sourcecode.c.h; path = AppDelegate.h; sourceTree = "<group>"; };
		5E39D8341C8144C000AF29E7 /* AppDelegate.m */ = {isa = PBXFileReference; fileEncoding = 4; lastKnownFileType = sourcecode.c.objc; path = AppDelegate.m; sourceTree = "<group>"; };
		5E39D8351C8144C000AF29E7 /* main.m */ = {isa = PBXFileReference; fileEncoding = 4; lastKnownFileType = sourcecode.c.objc; path = main.m; sourceTree = "<group>"; };
		5E39D84A1C8147E300AF29E7 /* Images.xcassets */ = {isa = PBXFileReference; lastKnownFileType = folder.assetcatalog; path = Images.xcassets; sourceTree = "<group>"; };
		5E39D8701C833E9500AF29E7 /* LZTabBarController.h */ = {isa = PBXFileReference; fileEncoding = 4; lastKnownFileType = sourcecode.c.h; path = LZTabBarController.h; sourceTree = "<group>"; };
		5E39D8711C833E9500AF29E7 /* LZTabBarController.m */ = {isa = PBXFileReference; fileEncoding = 4; lastKnownFileType = sourcecode.c.objc; path = LZTabBarController.m; sourceTree = "<group>"; };
		5E39D8731C83455B00AF29E7 /* UIImage+Extension.h */ = {isa = PBXFileReference; fileEncoding = 4; lastKnownFileType = sourcecode.c.h; path = "UIImage+Extension.h"; sourceTree = "<group>"; };
		5E39D8741C83455B00AF29E7 /* UIImage+Extension.m */ = {isa = PBXFileReference; fileEncoding = 4; lastKnownFileType = sourcecode.c.objc; path = "UIImage+Extension.m"; sourceTree = "<group>"; };
		5E39D8761C834D6500AF29E7 /* ComposeController.h */ = {isa = PBXFileReference; fileEncoding = 4; lastKnownFileType = sourcecode.c.h; path = ComposeController.h; sourceTree = "<group>"; };
		5E39D8771C834D6500AF29E7 /* ComposeController.m */ = {isa = PBXFileReference; fileEncoding = 4; lastKnownFileType = sourcecode.c.objc; path = ComposeController.m; sourceTree = "<group>"; };
		5E39D8791C834D7A00AF29E7 /* DiscoverController.h */ = {isa = PBXFileReference; fileEncoding = 4; lastKnownFileType = sourcecode.c.h; path = DiscoverController.h; sourceTree = "<group>"; };
		5E39D87A1C834D7A00AF29E7 /* DiscoverController.m */ = {isa = PBXFileReference; fileEncoding = 4; lastKnownFileType = sourcecode.c.objc; path = DiscoverController.m; sourceTree = "<group>"; };
		5E39D87C1C834D9700AF29E7 /* HomeController.h */ = {isa = PBXFileReference; fileEncoding = 4; lastKnownFileType = sourcecode.c.h; path = HomeController.h; sourceTree = "<group>"; };
		5E39D87D1C834D9700AF29E7 /* HomeController.m */ = {isa = PBXFileReference; fileEncoding = 4; lastKnownFileType = sourcecode.c.objc; path = HomeController.m; sourceTree = "<group>"; };
		5E39D87F1C834DAC00AF29E7 /* MessageController.h */ = {isa = PBXFileReference; fileEncoding = 4; lastKnownFileType = sourcecode.c.h; path = MessageController.h; sourceTree = "<group>"; };
		5E39D8801C834DAC00AF29E7 /* MessageController.m */ = {isa = PBXFileReference; fileEncoding = 4; lastKnownFileType = sourcecode.c.objc; path = MessageController.m; sourceTree = "<group>"; };
		5E39D8821C834E4200AF29E7 /* ProfileController.h */ = {isa = PBXFileReference; fileEncoding = 4; lastKnownFileType = sourcecode.c.h; path = ProfileController.h; sourceTree = "<group>"; };
		5E39D8831C834E4200AF29E7 /* ProfileController.m */ = {isa = PBXFileReference; fileEncoding = 4; lastKnownFileType = sourcecode.c.objc; path = ProfileController.m; sourceTree = "<group>"; };
		5EF2FCF41C8726C000D4FB9C /* LZNavigationController.h */ = {isa = PBXFileReference; fileEncoding = 4; lastKnownFileType = sourcecode.c.h; path = LZNavigationController.h; sourceTree = "<group>"; };
		5EF2FCF51C8726C000D4FB9C /* LZNavigationController.m */ = {isa = PBXFileReference; fileEncoding = 4; lastKnownFileType = sourcecode.c.objc; path = LZNavigationController.m; sourceTree = "<group>"; };
		5EF2FCF71C87285400D4FB9C /* PrefixHeader.pch */ = {isa = PBXFileReference; lastKnownFileType = sourcecode.c.h; path = PrefixHeader.pch; sourceTree = "<group>"; };
		5EF2FCF81C8736FA00D4FB9C /* UIView+Extension.h */ = {isa = PBXFileReference; fileEncoding = 4; lastKnownFileType = sourcecode.c.h; path = "UIView+Extension.h"; sourceTree = "<group>"; };
		5EF2FCF91C8736FA00D4FB9C /* UIView+Extension.m */ = {isa = PBXFileReference; fileEncoding = 4; lastKnownFileType = sourcecode.c.objc; path = "UIView+Extension.m"; sourceTree = "<group>"; };
		5EF2FCFB1C87380400D4FB9C /* UIBarButtonItem+Extention.h */ = {isa = PBXFileReference; fileEncoding = 4; lastKnownFileType = sourcecode.c.h; path = "UIBarButtonItem+Extention.h"; sourceTree = "<group>"; };
		5EF2FCFC1C87380400D4FB9C /* UIBarButtonItem+Extention.m */ = {isa = PBXFileReference; fileEncoding = 4; lastKnownFileType = sourcecode.c.objc; path = "UIBarButtonItem+Extention.m"; sourceTree = "<group>"; };
		5EF2FD081C8A7C5700D4FB9C /* KeyboardTool.xib */ = {isa = PBXFileReference; fileEncoding = 4; lastKnownFileType = file.xib; path = KeyboardTool.xib; sourceTree = "<group>"; };
		5EF2FD0A1C8AB7C800D4FB9C /* LZSearchBar.h */ = {isa = PBXFileReference; fileEncoding = 4; lastKnownFileType = sourcecode.c.h; path = LZSearchBar.h; sourceTree = "<group>"; };
		5EF2FD0B1C8AB7C800D4FB9C /* LZSearchBar.m */ = {isa = PBXFileReference; fileEncoding = 4; lastKnownFileType = sourcecode.c.objc; path = LZSearchBar.m; sourceTree = "<group>"; };
/* End PBXFileReference section */

/* Begin PBXFrameworksBuildPhase section */
		5E1A13561C813FC6008C40B3 /* Frameworks */ = {
			isa = PBXFrameworksBuildPhase;
			buildActionMask = 2147483647;
			files = (
			);
			runOnlyForDeploymentPostprocessing = 0;
		};
		5E1A136F1C813FC6008C40B3 /* Frameworks */ = {
			isa = PBXFrameworksBuildPhase;
			buildActionMask = 2147483647;
			files = (
			);
			runOnlyForDeploymentPostprocessing = 0;
		};
		5E1A137A1C813FC6008C40B3 /* Frameworks */ = {
			isa = PBXFrameworksBuildPhase;
			buildActionMask = 2147483647;
			files = (
			);
			runOnlyForDeploymentPostprocessing = 0;
		};
/* End PBXFrameworksBuildPhase section */

/* Begin PBXGroup section */
		5E1A13501C813FC6008C40B3 = {
			isa = PBXGroup;
			children = (
				5EF2FCF71C87285400D4FB9C /* PrefixHeader.pch */,
				5E1A135B1C813FC6008C40B3 /* PaPaWeiBo */,
				5E1A13751C813FC6008C40B3 /* PaPaWeiBoTests */,
				5E1A13801C813FC6008C40B3 /* PaPaWeiBoUITests */,
				5E1A135A1C813FC6008C40B3 /* Products */,
			);
			sourceTree = "<group>";
		};
		5E1A135A1C813FC6008C40B3 /* Products */ = {
			isa = PBXGroup;
			children = (
				5E1A13591C813FC6008C40B3 /* PaPaWeiBo.app */,
				5E1A13721C813FC6008C40B3 /* PaPaWeiBoTests.xctest */,
				5E1A137D1C813FC6008C40B3 /* PaPaWeiBoUITests.xctest */,
			);
			name = Products;
			sourceTree = "<group>";
		};
		5E1A135B1C813FC6008C40B3 /* PaPaWeiBo */ = {
			isa = PBXGroup;
			children = (
				5E39D81B1C8144BF00AF29E7 /* Classes */,
				5E1A135C1C813FC6008C40B3 /* Supporting Files */,
			);
			path = PaPaWeiBo;
			sourceTree = "<group>";
		};
		5E1A135C1C813FC6008C40B3 /* Supporting Files */ = {
			isa = PBXGroup;
			children = (
				5E1A136D1C813FC6008C40B3 /* Info.plist */,
				5E39D84A1C8147E300AF29E7 /* Images.xcassets */,
			);
			name = "Supporting Files";
			sourceTree = "<group>";
		};
		5E1A13751C813FC6008C40B3 /* PaPaWeiBoTests */ = {
			isa = PBXGroup;
			children = (
				5E1A13761C813FC6008C40B3 /* PaPaWeiBoTests.m */,
				5E1A13781C813FC6008C40B3 /* Info.plist */,
			);
			path = PaPaWeiBoTests;
			sourceTree = "<group>";
		};
		5E1A13801C813FC6008C40B3 /* PaPaWeiBoUITests */ = {
			isa = PBXGroup;
			children = (
				5E1A13811C813FC6008C40B3 /* PaPaWeiBoUITests.m */,
				5E1A13831C813FC6008C40B3 /* Info.plist */,
			);
			path = PaPaWeiBoUITests;
			sourceTree = "<group>";
		};
		5E39D81B1C8144BF00AF29E7 /* Classes */ = {
			isa = PBXGroup;
			children = (
				5E39D81C1C8144BF00AF29E7 /* Compose(发微博) */,
				5E39D8201C8144BF00AF29E7 /* Discover(发现) */,
				5E39D8241C8144BF00AF29E7 /* Home(首页) */,
				5E39D8281C8144BF00AF29E7 /* Main(主要) */,
				5E39D8371C8144C000AF29E7 /* Message(消息) */,
				5E39D83B1C8144C000AF29E7 /* NewFeature(新特性) */,
				5E39D83F1C8144C000AF29E7 /* Profile(我) */,
			);
			path = Classes;
			sourceTree = "<group>";
		};
		5E39D81C1C8144BF00AF29E7 /* Compose(发微博) */ = {
			isa = PBXGroup;
			children = (
				5E39D81D1C8144BF00AF29E7 /* Controller */,
				5E39D81E1C8144BF00AF29E7 /* Model */,
				5E39D81F1C8144BF00AF29E7 /* View */,
			);
			path = "Compose(发微博)";
			sourceTree = "<group>";
		};
		5E39D81D1C8144BF00AF29E7 /* Controller */ = {
			isa = PBXGroup;
			children = (
				5E39D8761C834D6500AF29E7 /* ComposeController.h */,
				5E39D8771C834D6500AF29E7 /* ComposeController.m */,
			);
			path = Controller;
			sourceTree = "<group>";
		};
		5E39D81E1C8144BF00AF29E7 /* Model */ = {
			isa = PBXGroup;
			children = (
			);
			path = Model;
			sourceTree = "<group>";
		};
		5E39D81F1C8144BF00AF29E7 /* View */ = {
			isa = PBXGroup;
			children = (
			);
			path = View;
			sourceTree = "<group>";
		};
		5E39D8201C8144BF00AF29E7 /* Discover(发现) */ = {
			isa = PBXGroup;
			children = (
				5E39D8211C8144BF00AF29E7 /* Controller */,
				5E39D8221C8144BF00AF29E7 /* Model */,
				5E39D8231C8144BF00AF29E7 /* View */,
			);
			path = "Discover(发现)";
			sourceTree = "<group>";
		};
		5E39D8211C8144BF00AF29E7 /* Controller */ = {
			isa = PBXGroup;
			children = (
				5E39D8791C834D7A00AF29E7 /* DiscoverController.h */,
				5E39D87A1C834D7A00AF29E7 /* DiscoverController.m */,
			);
			path = Controller;
			sourceTree = "<group>";
		};
		5E39D8221C8144BF00AF29E7 /* Model */ = {
			isa = PBXGroup;
			children = (
			);
			path = Model;
			sourceTree = "<group>";
		};
		5E39D8231C8144BF00AF29E7 /* View */ = {
			isa = PBXGroup;
			children = (
			);
			path = View;
			sourceTree = "<group>";
		};
		5E39D8241C8144BF00AF29E7 /* Home(首页) */ = {
			isa = PBXGroup;
			children = (
				5E39D8251C8144BF00AF29E7 /* Controller */,
				5E39D8261C8144BF00AF29E7 /* Model */,
				5E39D8271C8144BF00AF29E7 /* View */,
			);
			path = "Home(首页)";
			sourceTree = "<group>";
		};
		5E39D8251C8144BF00AF29E7 /* Controller */ = {
			isa = PBXGroup;
			children = (
				5E39D87C1C834D9700AF29E7 /* HomeController.h */,
				5E39D87D1C834D9700AF29E7 /* HomeController.m */,
				5EF2FD081C8A7C5700D4FB9C /* KeyboardTool.xib */,
			);
			path = Controller;
			sourceTree = "<group>";
		};
		5E39D8261C8144BF00AF29E7 /* Model */ = {
			isa = PBXGroup;
			children = (
			);
			path = Model;
			sourceTree = "<group>";
		};
		5E39D8271C8144BF00AF29E7 /* View */ = {
			isa = PBXGroup;
			children = (
			);
			path = View;
			sourceTree = "<group>";
		};
		5E39D8281C8144BF00AF29E7 /* Main(主要) */ = {
			isa = PBXGroup;
			children = (
				5E39D8291C8144BF00AF29E7 /* Category */,
				5E39D8301C8144C000AF29E7 /* Controller */,
				5E39D8311C8144C000AF29E7 /* Model */,
				5E39D8321C8144C000AF29E7 /* Other */,
				5E39D8361C8144C000AF29E7 /* View */,
			);
			path = "Main(主要)";
			sourceTree = "<group>";
		};
		5E39D8291C8144BF00AF29E7 /* Category */ = {
			isa = PBXGroup;
			children = (
				5E39D8731C83455B00AF29E7 /* UIImage+Extension.h */,
				5E39D8741C83455B00AF29E7 /* UIImage+Extension.m */,
				5EF2FCF81C8736FA00D4FB9C /* UIView+Extension.h */,
				5EF2FCF91C8736FA00D4FB9C /* UIView+Extension.m */,
				5EF2FCFB1C87380400D4FB9C /* UIBarButtonItem+Extention.h */,
				5EF2FCFC1C87380400D4FB9C /* UIBarButtonItem+Extention.m */,
			);
			path = Category;
			sourceTree = "<group>";
		};
		5E39D8301C8144C000AF29E7 /* Controller */ = {
			isa = PBXGroup;
			children = (
				5E39D8701C833E9500AF29E7 /* LZTabBarController.h */,
				5E39D8711C833E9500AF29E7 /* LZTabBarController.m */,
				5EF2FCF41C8726C000D4FB9C /* LZNavigationController.h */,
				5EF2FCF51C8726C000D4FB9C /* LZNavigationController.m */,
			);
			path = Controller;
			sourceTree = "<group>";
		};
		5E39D8311C8144C000AF29E7 /* Model */ = {
			isa = PBXGroup;
			children = (
			);
			path = Model;
			sourceTree = "<group>";
		};
		5E39D8321C8144C000AF29E7 /* Other */ = {
			isa = PBXGroup;
			children = (
				5E39D8331C8144C000AF29E7 /* AppDelegate.h */,
				5E39D8341C8144C000AF29E7 /* AppDelegate.m */,
				5E39D8351C8144C000AF29E7 /* main.m */,
			);
			path = Other;
			sourceTree = "<group>";
		};
		5E39D8361C8144C000AF29E7 /* View */ = {
			isa = PBXGroup;
			children = (
				5EF2FD0A1C8AB7C800D4FB9C /* LZSearchBar.h */,
				5EF2FD0B1C8AB7C800D4FB9C /* LZSearchBar.m */,
			);
			path = View;
			sourceTree = "<group>";
		};
		5E39D8371C8144C000AF29E7 /* Message(消息) */ = {
			isa = PBXGroup;
			children = (
				5E39D8381C8144C000AF29E7 /* Controller */,
				5E39D8391C8144C000AF29E7 /* Model */,
				5E39D83A1C8144C000AF29E7 /* View */,
			);
			path = "Message(消息)";
			sourceTree = "<group>";
		};
		5E39D8381C8144C000AF29E7 /* Controller */ = {
			isa = PBXGroup;
			children = (
				5E39D87F1C834DAC00AF29E7 /* MessageController.h */,
				5E39D8801C834DAC00AF29E7 /* MessageController.m */,
			);
			path = Controller;
			sourceTree = "<group>";
		};
		5E39D8391C8144C000AF29E7 /* Model */ = {
			isa = PBXGroup;
			children = (
			);
			path = Model;
			sourceTree = "<group>";
		};
		5E39D83A1C8144C000AF29E7 /* View */ = {
			isa = PBXGroup;
			children = (
			);
			path = View;
			sourceTree = "<group>";
		};
		5E39D83B1C8144C000AF29E7 /* NewFeature(新特性) */ = {
			isa = PBXGroup;
			children = (
				5E39D83C1C8144C000AF29E7 /* Controller */,
				5E39D83D1C8144C000AF29E7 /* Model */,
				5E39D83E1C8144C000AF29E7 /* View */,
			);
			path = "NewFeature(新特性)";
			sourceTree = "<group>";
		};
		5E39D83C1C8144C000AF29E7 /* Controller */ = {
			isa = PBXGroup;
			children = (
			);
			path = Controller;
			sourceTree = "<group>";
		};
		5E39D83D1C8144C000AF29E7 /* Model */ = {
			isa = PBXGroup;
			children = (
			);
			path = Model;
			sourceTree = "<group>";
		};
		5E39D83E1C8144C000AF29E7 /* View */ = {
			isa = PBXGroup;
			children = (
			);
			path = View;
			sourceTree = "<group>";
		};
		5E39D83F1C8144C000AF29E7 /* Profile(我) */ = {
			isa = PBXGroup;
			children = (
				5E39D8401C8144C000AF29E7 /* Controller */,
				5E39D8411C8144C000AF29E7 /* Model */,
				5E39D8421C8144C000AF29E7 /* View */,
			);
			path = "Profile(我)";
			sourceTree = "<group>";
		};
		5E39D8401C8144C000AF29E7 /* Controller */ = {
			isa = PBXGroup;
			children = (
				5E39D8821C834E4200AF29E7 /* ProfileController.h */,
				5E39D8831C834E4200AF29E7 /* ProfileController.m */,
			);
			path = Controller;
			sourceTree = "<group>";
		};
		5E39D8411C8144C000AF29E7 /* Model */ = {
			isa = PBXGroup;
			children = (
			);
			path = Model;
			sourceTree = "<group>";
		};
		5E39D8421C8144C000AF29E7 /* View */ = {
			isa = PBXGroup;
			children = (
			);
			path = View;
			sourceTree = "<group>";
		};
/* End PBXGroup section */

/* Begin PBXNativeTarget section */
		5E1A13581C813FC6008C40B3 /* PaPaWeiBo */ = {
			isa = PBXNativeTarget;
			buildConfigurationList = 5E1A13861C813FC6008C40B3 /* Build configuration list for PBXNativeTarget "PaPaWeiBo" */;
			buildPhases = (
				5E1A13551C813FC6008C40B3 /* Sources */,
				5E1A13561C813FC6008C40B3 /* Frameworks */,
				5E1A13571C813FC6008C40B3 /* Resources */,
			);
			buildRules = (
			);
			dependencies = (
			);
			name = PaPaWeiBo;
			productName = PaPaWeiBo;
			productReference = 5E1A13591C813FC6008C40B3 /* PaPaWeiBo.app */;
			productType = "com.apple.product-type.application";
		};
		5E1A13711C813FC6008C40B3 /* PaPaWeiBoTests */ = {
			isa = PBXNativeTarget;
			buildConfigurationList = 5E1A13891C813FC6008C40B3 /* Build configuration list for PBXNativeTarget "PaPaWeiBoTests" */;
			buildPhases = (
				5E1A136E1C813FC6008C40B3 /* Sources */,
				5E1A136F1C813FC6008C40B3 /* Frameworks */,
				5E1A13701C813FC6008C40B3 /* Resources */,
			);
			buildRules = (
			);
			dependencies = (
				5E1A13741C813FC6008C40B3 /* PBXTargetDependency */,
			);
			name = PaPaWeiBoTests;
			productName = PaPaWeiBoTests;
			productReference = 5E1A13721C813FC6008C40B3 /* PaPaWeiBoTests.xctest */;
			productType = "com.apple.product-type.bundle.unit-test";
		};
		5E1A137C1C813FC6008C40B3 /* PaPaWeiBoUITests */ = {
			isa = PBXNativeTarget;
			buildConfigurationList = 5E1A138C1C813FC6008C40B3 /* Build configuration list for PBXNativeTarget "PaPaWeiBoUITests" */;
			buildPhases = (
				5E1A13791C813FC6008C40B3 /* Sources */,
				5E1A137A1C813FC6008C40B3 /* Frameworks */,
				5E1A137B1C813FC6008C40B3 /* Resources */,
			);
			buildRules = (
			);
			dependencies = (
				5E1A137F1C813FC6008C40B3 /* PBXTargetDependency */,
			);
			name = PaPaWeiBoUITests;
			productName = PaPaWeiBoUITests;
			productReference = 5E1A137D1C813FC6008C40B3 /* PaPaWeiBoUITests.xctest */;
			productType = "com.apple.product-type.bundle.ui-testing";
		};
/* End PBXNativeTarget section */

/* Begin PBXProject section */
		5E1A13511C813FC6008C40B3 /* Project object */ = {
			isa = PBXProject;
			attributes = {
				LastUpgradeCheck = 0720;
				ORGANIZATIONNAME = zhaoli;
				TargetAttributes = {
					5E1A13581C813FC6008C40B3 = {
						CreatedOnToolsVersion = 7.2;
						DevelopmentTeam = 8QRUDD3ND7;
					};
					5E1A13711C813FC6008C40B3 = {
						CreatedOnToolsVersion = 7.2;
						DevelopmentTeam = 8QRUDD3ND7;
						TestTargetID = 5E1A13581C813FC6008C40B3;
					};
					5E1A137C1C813FC6008C40B3 = {
						CreatedOnToolsVersion = 7.2;
						DevelopmentTeam = 8QRUDD3ND7;
						TestTargetID = 5E1A13581C813FC6008C40B3;
					};
				};
			};
			buildConfigurationList = 5E1A13541C813FC6008C40B3 /* Build configuration list for PBXProject "PaPaWeiBo" */;
			compatibilityVersion = "Xcode 3.2";
			developmentRegion = English;
			hasScannedForEncodings = 0;
			knownRegions = (
				en,
				Base,
			);
			mainGroup = 5E1A13501C813FC6008C40B3;
			productRefGroup = 5E1A135A1C813FC6008C40B3 /* Products */;
			projectDirPath = "";
			projectRoot = "";
			targets = (
				5E1A13581C813FC6008C40B3 /* PaPaWeiBo */,
				5E1A13711C813FC6008C40B3 /* PaPaWeiBoTests */,
				5E1A137C1C813FC6008C40B3 /* PaPaWeiBoUITests */,
			);
		};
/* End PBXProject section */

/* Begin PBXResourcesBuildPhase section */
		5E1A13571C813FC6008C40B3 /* Resources */ = {
			isa = PBXResourcesBuildPhase;
			buildActionMask = 2147483647;
			files = (
				5EF2FD091C8A7C5700D4FB9C /* KeyboardTool.xib in Resources */,
				5E39D84B1C8147E300AF29E7 /* Images.xcassets in Resources */,
			);
			runOnlyForDeploymentPostprocessing = 0;
		};
		5E1A13701C813FC6008C40B3 /* Resources */ = {
			isa = PBXResourcesBuildPhase;
			buildActionMask = 2147483647;
			files = (
			);
			runOnlyForDeploymentPostprocessing = 0;
		};
		5E1A137B1C813FC6008C40B3 /* Resources */ = {
			isa = PBXResourcesBuildPhase;
			buildActionMask = 2147483647;
			files = (
			);
			runOnlyForDeploymentPostprocessing = 0;
		};
/* End PBXResourcesBuildPhase section */

/* Begin PBXSourcesBuildPhase section */
		5E1A13551C813FC6008C40B3 /* Sources */ = {
			isa = PBXSourcesBuildPhase;
			buildActionMask = 2147483647;
			files = (
				5E39D87B1C834D7A00AF29E7 /* DiscoverController.m in Sources */,
				5EF2FD0C1C8AB7C800D4FB9C /* LZSearchBar.m in Sources */,
				5EF2FCFD1C87380400D4FB9C /* UIBarButtonItem+Extention.m in Sources */,
				5E39D87E1C834D9700AF29E7 /* HomeController.m in Sources */,
				5EF2FCFA1C8736FA00D4FB9C /* UIView+Extension.m in Sources */,
				5E39D8841C834E4200AF29E7 /* ProfileController.m in Sources */,
				5E39D8721C833E9500AF29E7 /* LZTabBarController.m in Sources */,
				5E39D8471C8144C000AF29E7 /* main.m in Sources */,
				5E39D8781C834D6600AF29E7 /* ComposeController.m in Sources */,
				5E39D8461C8144C000AF29E7 /* AppDelegate.m in Sources */,
				5E39D8751C83455B00AF29E7 /* UIImage+Extension.m in Sources */,
				5E39D8811C834DAC00AF29E7 /* MessageController.m in Sources */,
				5EF2FCF61C8726C000D4FB9C /* LZNavigationController.m in Sources */,
			);
			runOnlyForDeploymentPostprocessing = 0;
		};
		5E1A136E1C813FC6008C40B3 /* Sources */ = {
			isa = PBXSourcesBuildPhase;
			buildActionMask = 2147483647;
			files = (
				5E1A13771C813FC6008C40B3 /* PaPaWeiBoTests.m in Sources */,
			);
			runOnlyForDeploymentPostprocessing = 0;
		};
		5E1A13791C813FC6008C40B3 /* Sources */ = {
			isa = PBXSourcesBuildPhase;
			buildActionMask = 2147483647;
			files = (
				5E1A13821C813FC6008C40B3 /* PaPaWeiBoUITests.m in Sources */,
			);
			runOnlyForDeploymentPostprocessing = 0;
		};
/* End PBXSourcesBuildPhase section */

/* Begin PBXTargetDependency section */
		5E1A13741C813FC6008C40B3 /* PBXTargetDependency */ = {
			isa = PBXTargetDependency;
			target = 5E1A13581C813FC6008C40B3 /* PaPaWeiBo */;
			targetProxy = 5E1A13731C813FC6008C40B3 /* PBXContainerItemProxy */;
		};
		5E1A137F1C813FC6008C40B3 /* PBXTargetDependency */ = {
			isa = PBXTargetDependency;
			target = 5E1A13581C813FC6008C40B3 /* PaPaWeiBo */;
			targetProxy = 5E1A137E1C813FC6008C40B3 /* PBXContainerItemProxy */;
		};
/* End PBXTargetDependency section */

/* Begin XCBuildConfiguration section */
		5E1A13841C813FC6008C40B3 /* Debug */ = {
			isa = XCBuildConfiguration;
			buildSettings = {
				ALWAYS_SEARCH_USER_PATHS = NO;
				CLANG_CXX_LANGUAGE_STANDARD = "gnu++0x";
				CLANG_CXX_LIBRARY = "libc++";
				CLANG_ENABLE_MODULES = YES;
				CLANG_ENABLE_OBJC_ARC = YES;
				CLANG_WARN_BOOL_CONVERSION = YES;
				CLANG_WARN_CONSTANT_CONVERSION = YES;
				CLANG_WARN_DIRECT_OBJC_ISA_USAGE = YES_ERROR;
				CLANG_WARN_EMPTY_BODY = YES;
				CLANG_WARN_ENUM_CONVERSION = YES;
				CLANG_WARN_INT_CONVERSION = YES;
				CLANG_WARN_OBJC_ROOT_CLASS = YES_ERROR;
				CLANG_WARN_UNREACHABLE_CODE = YES;
				CLANG_WARN__DUPLICATE_METHOD_MATCH = YES;
				"CODE_SIGN_IDENTITY[sdk=iphoneos*]" = "iPhone Developer";
				COPY_PHASE_STRIP = NO;
				DEBUG_INFORMATION_FORMAT = dwarf;
				ENABLE_STRICT_OBJC_MSGSEND = YES;
				ENABLE_TESTABILITY = YES;
				GCC_C_LANGUAGE_STANDARD = gnu99;
				GCC_DYNAMIC_NO_PIC = NO;
				GCC_NO_COMMON_BLOCKS = YES;
				GCC_OPTIMIZATION_LEVEL = 0;
				GCC_PREPROCESSOR_DEFINITIONS = (
					"DEBUG=1",
					"$(inherited)",
				);
				GCC_WARN_64_TO_32_BIT_CONVERSION = YES;
				GCC_WARN_ABOUT_RETURN_TYPE = YES_ERROR;
				GCC_WARN_UNDECLARED_SELECTOR = YES;
				GCC_WARN_UNINITIALIZED_AUTOS = YES_AGGRESSIVE;
				GCC_WARN_UNUSED_FUNCTION = YES;
				GCC_WARN_UNUSED_VARIABLE = YES;
				IPHONEOS_DEPLOYMENT_TARGET = 9.2;
				MTL_ENABLE_DEBUG_INFO = YES;
				ONLY_ACTIVE_ARCH = YES;
				SDKROOT = iphoneos;
			};
			name = Debug;
		};
		5E1A13851C813FC6008C40B3 /* Release */ = {
			isa = XCBuildConfiguration;
			buildSettings = {
				ALWAYS_SEARCH_USER_PATHS = NO;
				CLANG_CXX_LANGUAGE_STANDARD = "gnu++0x";
				CLANG_CXX_LIBRARY = "libc++";
				CLANG_ENABLE_MODULES = YES;
				CLANG_ENABLE_OBJC_ARC = YES;
				CLANG_WARN_BOOL_CONVERSION = YES;
				CLANG_WARN_CONSTANT_CONVERSION = YES;
				CLANG_WARN_DIRECT_OBJC_ISA_USAGE = YES_ERROR;
				CLANG_WARN_EMPTY_BODY = YES;
				CLANG_WARN_ENUM_CONVERSION = YES;
				CLANG_WARN_INT_CONVERSION = YES;
				CLANG_WARN_OBJC_ROOT_CLASS = YES_ERROR;
				CLANG_WARN_UNREACHABLE_CODE = YES;
				CLANG_WARN__DUPLICATE_METHOD_MATCH = YES;
				"CODE_SIGN_IDENTITY[sdk=iphoneos*]" = "iPhone Developer";
				COPY_PHASE_STRIP = NO;
				DEBUG_INFORMATION_FORMAT = "dwarf-with-dsym";
				ENABLE_NS_ASSERTIONS = NO;
				ENABLE_STRICT_OBJC_MSGSEND = YES;
				GCC_C_LANGUAGE_STANDARD = gnu99;
				GCC_NO_COMMON_BLOCKS = YES;
				GCC_WARN_64_TO_32_BIT_CONVERSION = YES;
				GCC_WARN_ABOUT_RETURN_TYPE = YES_ERROR;
				GCC_WARN_UNDECLARED_SELECTOR = YES;
				GCC_WARN_UNINITIALIZED_AUTOS = YES_AGGRESSIVE;
				GCC_WARN_UNUSED_FUNCTION = YES;
				GCC_WARN_UNUSED_VARIABLE = YES;
				IPHONEOS_DEPLOYMENT_TARGET = 9.2;
				MTL_ENABLE_DEBUG_INFO = NO;
				SDKROOT = iphoneos;
				VALIDATE_PRODUCT = YES;
			};
			name = Release;
		};
		5E1A13871C813FC6008C40B3 /* Debug */ = {
			isa = XCBuildConfiguration;
			buildSettings = {
				ASSETCATALOG_COMPILER_APPICON_NAME = AppIcon;
				ASSETCATALOG_COMPILER_LAUNCHIMAGE_NAME = LaunchImage;
				GCC_PRECOMPILE_PREFIX_HEADER = YES;
				GCC_PREFIX_HEADER = /Users/zhaoli/Documents/PaPaWeiBo/PaPaWeiBo/PrefixHeader.pch;
				INFOPLIST_FILE = PaPaWeiBo/Info.plist;
				IPHONEOS_DEPLOYMENT_TARGET = 8.0;
				LD_RUNPATH_SEARCH_PATHS = "$(inherited) @executable_path/Frameworks";
				PRODUCT_BUNDLE_IDENTIFIER = PaPaZhao.cn.PaPaWeiBo;
				PRODUCT_NAME = "$(TARGET_NAME)";
				TARGETED_DEVICE_FAMILY = "1,2";
			};
			name = Debug;
		};
		5E1A13881C813FC6008C40B3 /* Release */ = {
			isa = XCBuildConfiguration;
			buildSettings = {
				ASSETCATALOG_COMPILER_APPICON_NAME = AppIcon;
				ASSETCATALOG_COMPILER_LAUNCHIMAGE_NAME = LaunchImage;
				GCC_PRECOMPILE_PREFIX_HEADER = YES;
				GCC_PREFIX_HEADER = /Users/zhaoli/Documents/PaPaWeiBo/PaPaWeiBo/PrefixHeader.pch;
				INFOPLIST_FILE = PaPaWeiBo/Info.plist;
				IPHONEOS_DEPLOYMENT_TARGET = 8.0;
				LD_RUNPATH_SEARCH_PATHS = "$(inherited) @executable_path/Frameworks";
				PRODUCT_BUNDLE_IDENTIFIER = PaPaZhao.cn.PaPaWeiBo;
				PRODUCT_NAME = "$(TARGET_NAME)";
				TARGETED_DEVICE_FAMILY = "1,2";
			};
			name = Release;
		};
		5E1A138A1C813FC6008C40B3 /* Debug */ = {
			isa = XCBuildConfiguration;
			buildSettings = {
				BUNDLE_LOADER = "$(TEST_HOST)";
				INFOPLIST_FILE = PaPaWeiBoTests/Info.plist;
				LD_RUNPATH_SEARCH_PATHS = "$(inherited) @executable_path/Frameworks @loader_path/Frameworks";
				PRODUCT_BUNDLE_IDENTIFIER = PaPaZhao.cn.PaPaWeiBoTests;
				PRODUCT_NAME = "$(TARGET_NAME)";
				TEST_HOST = "$(BUILT_PRODUCTS_DIR)/PaPaWeiBo.app/PaPaWeiBo";
			};
			name = Debug;
		};
		5E1A138B1C813FC6008C40B3 /* Release */ = {
			isa = XCBuildConfiguration;
			buildSettings = {
				BUNDLE_LOADER = "$(TEST_HOST)";
				INFOPLIST_FILE = PaPaWeiBoTests/Info.plist;
				LD_RUNPATH_SEARCH_PATHS = "$(inherited) @executable_path/Frameworks @loader_path/Frameworks";
				PRODUCT_BUNDLE_IDENTIFIER = PaPaZhao.cn.PaPaWeiBoTests;
				PRODUCT_NAME = "$(TARGET_NAME)";
				TEST_HOST = "$(BUILT_PRODUCTS_DIR)/PaPaWeiBo.app/PaPaWeiBo";
			};
			name = Release;
		};
		5E1A138D1C813FC6008C40B3 /* Debug */ = {
			isa = XCBuildConfiguration;
			buildSettings = {
				INFOPLIST_FILE = PaPaWeiBoUITests/Info.plist;
				LD_RUNPATH_SEARCH_PATHS = "$(inherited) @executable_path/Frameworks @loader_path/Frameworks";
				PRODUCT_BUNDLE_IDENTIFIER = PaPaZhao.cn.PaPaWeiBoUITests;
				PRODUCT_NAME = "$(TARGET_NAME)";
				TEST_TARGET_NAME = PaPaWeiBo;
				USES_XCTRUNNER = YES;
			};
			name = Debug;
		};
		5E1A138E1C813FC6008C40B3 /* Release */ = {
			isa = XCBuildConfiguration;
			buildSettings = {
				INFOPLIST_FILE = PaPaWeiBoUITests/Info.plist;
				LD_RUNPATH_SEARCH_PATHS = "$(inherited) @executable_path/Frameworks @loader_path/Frameworks";
				PRODUCT_BUNDLE_IDENTIFIER = PaPaZhao.cn.PaPaWeiBoUITests;
				PRODUCT_NAME = "$(TARGET_NAME)";
				TEST_TARGET_NAME = PaPaWeiBo;
				USES_XCTRUNNER = YES;
			};
			name = Release;
		};
/* End XCBuildConfiguration section */

/* Begin XCConfigurationList section */
		5E1A13541C813FC6008C40B3 /* Build configuration list for PBXProject "PaPaWeiBo" */ = {
			isa = XCConfigurationList;
			buildConfigurations = (
				5E1A13841C813FC6008C40B3 /* Debug */,
				5E1A13851C813FC6008C40B3 /* Release */,
			);
			defaultConfigurationIsVisible = 0;
			defaultConfigurationName = Release;
		};
		5E1A13861C813FC6008C40B3 /* Build configuration list for PBXNativeTarget "PaPaWeiBo" */ = {
			isa = XCConfigurationList;
			buildConfigurations = (
				5E1A13871C813FC6008C40B3 /* Debug */,
				5E1A13881C813FC6008C40B3 /* Release */,
			);
			defaultConfigurationIsVisible = 0;
			defaultConfigurationName = Release;
		};
		5E1A13891C813FC6008C40B3 /* Build configuration list for PBXNativeTarget "PaPaWeiBoTests" */ = {
			isa = XCConfigurationList;
			buildConfigurations = (
				5E1A138A1C813FC6008C40B3 /* Debug */,
				5E1A138B1C813FC6008C40B3 /* Release */,
			);
			defaultConfigurationIsVisible = 0;
			defaultConfigurationName = Release;
		};
		5E1A138C1C813FC6008C40B3 /* Build configuration list for PBXNativeTarget "PaPaWeiBoUITests" */ = {
			isa = XCConfigurationList;
			buildConfigurations = (
				5E1A138D1C813FC6008C40B3 /* Debug */,
				5E1A138E1C813FC6008C40B3 /* Release */,
			);
			defaultConfigurationIsVisible = 0;
			defaultConfigurationName = Release;
		};
/* End XCConfigurationList section */
	};
	rootObject = 5E1A13511C813FC6008C40B3 /* Project object */;
}
